
Microsoft Visual Studio Solution File, Format Version 12.00
Project("{FAE04EC0-301F-11D3-BF4B-00C04F79EFBC}") = "Lifetech", "Lifetech\Lifetech.csproj", "{E9C673A5-F833-4EE3-9746-B3CB3B5A007E}"
EndProject
Global
	GlobalSection(SolutionConfigurationPlatforms) = preSolution
		Debug|Any CPU = Debug|Any CPU
		Release|Any CPU = Release|Any CPU
	EndGlobalSection
	GlobalSection(ProjectConfigurationPlatforms) = postSolution
		{E9C673A5-F833-4EE3-9746-B3CB3B5A007E}.Debug|Any CPU.ActiveCfg = Debug|Any CPU
		{E9C673A5-F833-4EE3-9746-B3CB3B5A007E}.Debug|Any CPU.Build.0 = Debug|Any CPU
		{E9C673A5-F833-4EE3-9746-B3CB3B5A007E}.Release|Any CPU.ActiveCfg = Release|Any CPU
		{E9C673A5-F833-4EE3-9746-B3CB3B5A007E}.Release|Any CPU.Build.0 = Release|Any CPU
	EndGlobalSection
EndGlobal
